
Microsoft Visual Studio Solution File, Format Version 12.00
# Visual Studio Version 17
VisualStudioVersion = 17.9.34902.65
MinimumVisualStudioVersion = 10.0.40219.1
Project("{9A19103F-16F7-4668-BE54-9A1E7A4F7556}") = "Review", "Review\Review.csproj", "{48646C08-0A17-4829-B041-23815579FE80}"
EndProject
Project("{9A19103F-16F7-4668-BE54-9A1E7A4F7556}") = "Review.Model", "Review.Model\Review.Model.csproj", "{07032A3C-DA13-484F-9EB6-FD76F50AEC6F}"
EndProject
Project("{9A19103F-16F7-4668-BE54-9A1E7A4F7556}") = "Review.DAL", "Review.DAL\Review.DAL.csproj", "{EAB613E4-FB7B-4FC1-B7C0-5E5AF5732CB9}"
EndProject
Project("{9A19103F-16F7-4668-BE54-9A1E7A4F7556}") = "Review.API", "Review.API\Review.API.csproj", "{E898379C-FDDB-464E-9B9C-0A73D13CC68C}"
EndProject
Project("{FAE04EC0-301F-11D3-BF4B-00C04F79EFBC}") = "Review.Test", "Review.Test\Review.Test.csproj", "{9978DB24-0825-4824-B8B6-6FBA368F9127}"
EndProject
Global
	GlobalSection(SolutionConfigurationPlatforms) = preSolution
		Debug|Any CPU = Debug|Any CPU
		Release|Any CPU = Release|Any CPU
	EndGlobalSection
	GlobalSection(ProjectConfigurationPlatforms) = postSolution
		{48646C08-0A17-4829-B041-23815579FE80}.Debug|Any CPU.ActiveCfg = Debug|Any CPU
		{48646C08-0A17-4829-B041-23815579FE80}.Debug|Any CPU.Build.0 = Debug|Any CPU
		{48646C08-0A17-4829-B041-23815579FE80}.Release|Any CPU.ActiveCfg = Release|Any CPU
		{48646C08-0A17-4829-B041-23815579FE80}.Release|Any CPU.Build.0 = Release|Any CPU
		{07032A3C-DA13-484F-9EB6-FD76F50AEC6F}.Debug|Any CPU.ActiveCfg = Debug|Any CPU
		{07032A3C-DA13-484F-9EB6-FD76F50AEC6F}.Debug|Any CPU.Build.0 = Debug|Any CPU
		{07032A3C-DA13-484F-9EB6-FD76F50AEC6F}.Release|Any CPU.ActiveCfg = Release|Any CPU
		{07032A3C-DA13-484F-9EB6-FD76F50AEC6F}.Release|Any CPU.Build.0 = Release|Any CPU
		{EAB613E4-FB7B-4FC1-B7C0-5E5AF5732CB9}.Debug|Any CPU.ActiveCfg = Debug|Any CPU
		{EAB613E4-FB7B-4FC1-B7C0-5E5AF5732CB9}.Debug|Any CPU.Build.0 = Debug|Any CPU
		{EAB613E4-FB7B-4FC1-B7C0-5E5AF5732CB9}.Release|Any CPU.ActiveCfg = Release|Any CPU
		{EAB613E4-FB7B-4FC1-B7C0-5E5AF5732CB9}.Release|Any CPU.Build.0 = Release|Any CPU
		{E898379C-FDDB-464E-9B9C-0A73D13CC68C}.Debug|Any CPU.ActiveCfg = Debug|Any CPU
		{E898379C-FDDB-464E-9B9C-0A73D13CC68C}.Debug|Any CPU.Build.0 = Debug|Any CPU
		{E898379C-FDDB-464E-9B9C-0A73D13CC68C}.Release|Any CPU.ActiveCfg = Release|Any CPU
		{E898379C-FDDB-464E-9B9C-0A73D13CC68C}.Release|Any CPU.Build.0 = Release|Any CPU
		{9978DB24-0825-4824-B8B6-6FBA368F9127}.Debug|Any CPU.ActiveCfg = Debug|Any CPU
		{9978DB24-0825-4824-B8B6-6FBA368F9127}.Debug|Any CPU.Build.0 = Debug|Any CPU
		{9978DB24-0825-4824-B8B6-6FBA368F9127}.Release|Any CPU.ActiveCfg = Release|Any CPU
		{9978DB24-0825-4824-B8B6-6FBA368F9127}.Release|Any CPU.Build.0 = Release|Any CPU
	EndGlobalSection
	GlobalSection(SolutionProperties) = preSolution
		HideSolutionNode = FALSE
	EndGlobalSection
	GlobalSection(ExtensibilityGlobals) = postSolution
		SolutionGuid = {A01AADAA-A862-4972-85A5-B9051C75B0F7}
	EndGlobalSection
EndGlobal
